
Microsoft Visual Studio Solution File, Format Version 12.00
# Visual Studio 15
VisualStudioVersion = 15.0.26430.16
MinimumVisualStudioVersion = 10.0.40219.1
Project("{FAE04EC0-301F-11D3-BF4B-00C04F79EFBC}") = "RabbitMQSimpleConnector", "RabbitMQSimpleConnector.csproj", "{43C5FE8A-060A-4F9F-8575-C71D419878CF}"
EndProject
Global
	GlobalSection(SolutionConfigurationPlatforms) = preSolution
		Debug|Any CPU = Debug|Any CPU
		Release|Any CPU = Release|Any CPU
	EndGlobalSection
	GlobalSection(ProjectConfigurationPlatforms) = postSolution
		{43C5FE8A-060A-4F9F-8575-C71D419878CF}.Debug|Any CPU.ActiveCfg = Debug|Any CPU
		{43C5FE8A-060A-4F9F-8575-C71D419878CF}.Debug|Any CPU.Build.0 = Debug|Any CPU
		{43C5FE8A-060A-4F9F-8575-C71D419878CF}.Release|Any CPU.ActiveCfg = Release|Any CPU
		{43C5FE8A-060A-4F9F-8575-C71D419878CF}.Release|Any CPU.Build.0 = Release|Any CPU
	EndGlobalSection
	GlobalSection(SolutionProperties) = preSolution
		HideSolutionNode = FALSE
	EndGlobalSection
EndGlobal
